// !$*UTF8*$!
{
	archiveVersion = 1;
	classes = {
	};
	objectVersion = 46;
	objects = {

/* Begin PBXBuildFile section */
		42A3EBC17B6857C37B624E28 /* Pods_ReactiveToy.framework in Frameworks */ = {isa = PBXBuildFile; fileRef = 9DE9EEF1F17B6204F259791F /* Pods_ReactiveToy.framework */; };
		636A4A421D71290300CC8A11 /* Car.swift in Sources */ = {isa = PBXBuildFile; fileRef = 636A4A411D71290300CC8A11 /* Car.swift */; };
		636A4A441D71298900CC8A11 /* Dealership.swift in Sources */ = {isa = PBXBuildFile; fileRef = 636A4A431D71298900CC8A11 /* Dealership.swift */; };
		636A4A461D71299300CC8A11 /* Trim.swift in Sources */ = {isa = PBXBuildFile; fileRef = 636A4A451D71299300CC8A11 /* Trim.swift */; };
		636A4A491D712A7D00CC8A11 /* ServiceLocator.swift in Sources */ = {isa = PBXBuildFile; fileRef = 636A4A481D712A7D00CC8A11 /* ServiceLocator.swift */; };
		636A4A4B1D712B2100CC8A11 /* APIImplementation.swift in Sources */ = {isa = PBXBuildFile; fileRef = 636A4A4A1D712B2100CC8A11 /* APIImplementation.swift */; };
		63E4DCB51D7127E20023E9AC /* APIWrapper.swift in Sources */ = {isa = PBXBuildFile; fileRef = 63E4DCB41D7127E20023E9AC /* APIWrapper.swift */; };
		B34D09141D713616004F0611 /* CarManager.swift in Sources */ = {isa = PBXBuildFile; fileRef = B34D09131D713616004F0611 /* CarManager.swift */; };
		B34D09151D713616004F0611 /* CarManager.swift in Sources */ = {isa = PBXBuildFile; fileRef = B34D09131D713616004F0611 /* CarManager.swift */; };
		B39DE1981D692CE000B18F48 /* AppDelegate.swift in Sources */ = {isa = PBXBuildFile; fileRef = B39DE1971D692CE000B18F48 /* AppDelegate.swift */; };
		B39DE19A1D692CE000B18F48 /* ViewController.swift in Sources */ = {isa = PBXBuildFile; fileRef = B39DE1991D692CE000B18F48 /* ViewController.swift */; };
		B39DE19D1D692CE000B18F48 /* Main.storyboard in Resources */ = {isa = PBXBuildFile; fileRef = B39DE19B1D692CE000B18F48 /* Main.storyboard */; };
		B39DE19F1D692CE000B18F48 /* Assets.xcassets in Resources */ = {isa = PBXBuildFile; fileRef = B39DE19E1D692CE000B18F48 /* Assets.xcassets */; };
		B39DE1A21D692CE000B18F48 /* LaunchScreen.storyboard in Resources */ = {isa = PBXBuildFile; fileRef = B39DE1A01D692CE000B18F48 /* LaunchScreen.storyboard */; };
		B39DE1AD1D692CE100B18F48 /* ReactiveToyTests.swift in Sources */ = {isa = PBXBuildFile; fileRef = B39DE1AC1D692CE100B18F48 /* ReactiveToyTests.swift */; };
		B39DE1C61D69300500B18F48 /* GoogleService-Info.plist in Resources */ = {isa = PBXBuildFile; fileRef = B39DE1C51D69300500B18F48 /* GoogleService-Info.plist */; };
		B39DE1C71D69300500B18F48 /* GoogleService-Info.plist in Resources */ = {isa = PBXBuildFile; fileRef = B39DE1C51D69300500B18F48 /* GoogleService-Info.plist */; };
		EDE5E752E637F3613C697CE9 /* Pods_ReactiveToyTests.framework in Frameworks */ = {isa = PBXBuildFile; fileRef = 67BD69A640574C47C2F12E87 /* Pods_ReactiveToyTests.framework */; };
/* End PBXBuildFile section */

/* Begin PBXContainerItemProxy section */
		B39DE1A91D692CE100B18F48 /* PBXContainerItemProxy */ = {
			isa = PBXContainerItemProxy;
			containerPortal = B39DE18C1D692CE000B18F48 /* Project object */;
			proxyType = 1;
			remoteGlobalIDString = B39DE1931D692CE000B18F48;
			remoteInfo = ReactiveToy;
		};
/* End PBXContainerItemProxy section */

/* Begin PBXFileReference section */
		0922BEEC8F6B6E87F679E586 /* Pods-ReactiveToyUITests.debug.xcconfig */ = {isa = PBXFileReference; includeInIndex = 1; lastKnownFileType = text.xcconfig; name = "Pods-ReactiveToyUITests.debug.xcconfig"; path = "Pods/Target Support Files/Pods-ReactiveToyUITests/Pods-ReactiveToyUITests.debug.xcconfig"; sourceTree = "<group>"; };
		1AC0945DEE2F11F74F228D87 /* Pods_ReactiveToyUITests.framework */ = {isa = PBXFileReference; explicitFileType = wrapper.framework; includeInIndex = 0; path = Pods_ReactiveToyUITests.framework; sourceTree = BUILT_PRODUCTS_DIR; };
		1EB66DDB3F101C6A6D2ED3C5 /* Pods-ReactiveToy.debug.xcconfig */ = {isa = PBXFileReference; includeInIndex = 1; lastKnownFileType = text.xcconfig; name = "Pods-ReactiveToy.debug.xcconfig"; path = "Pods/Target Support Files/Pods-ReactiveToy/Pods-ReactiveToy.debug.xcconfig"; sourceTree = "<group>"; };
		240EBF7A01E4E629E08486EF /* Pods-ReactiveToyUITests.release.xcconfig */ = {isa = PBXFileReference; includeInIndex = 1; lastKnownFileType = text.xcconfig; name = "Pods-ReactiveToyUITests.release.xcconfig"; path = "Pods/Target Support Files/Pods-ReactiveToyUITests/Pods-ReactiveToyUITests.release.xcconfig"; sourceTree = "<group>"; };
		556DDC22D28F76D4E32A553A /* Pods-ReactiveToyTests.debug.xcconfig */ = {isa = PBXFileReference; includeInIndex = 1; lastKnownFileType = text.xcconfig; name = "Pods-ReactiveToyTests.debug.xcconfig"; path = "Pods/Target Support Files/Pods-ReactiveToyTests/Pods-ReactiveToyTests.debug.xcconfig"; sourceTree = "<group>"; };
		5791AA88A1287CEF05E99C9A /* Pods-ReactiveToy.release.xcconfig */ = {isa = PBXFileReference; includeInIndex = 1; lastKnownFileType = text.xcconfig; name = "Pods-ReactiveToy.release.xcconfig"; path = "Pods/Target Support Files/Pods-ReactiveToy/Pods-ReactiveToy.release.xcconfig"; sourceTree = "<group>"; };
		636A4A411D71290300CC8A11 /* Car.swift */ = {isa = PBXFileReference; fileEncoding = 4; lastKnownFileType = sourcecode.swift; path = Car.swift; sourceTree = "<group>"; };
		636A4A431D71298900CC8A11 /* Dealership.swift */ = {isa = PBXFileReference; fileEncoding = 4; lastKnownFileType = sourcecode.swift; path = Dealership.swift; sourceTree = "<group>"; };
		636A4A451D71299300CC8A11 /* Trim.swift */ = {isa = PBXFileReference; fileEncoding = 4; lastKnownFileType = sourcecode.swift; path = Trim.swift; sourceTree = "<group>"; };
		636A4A481D712A7D00CC8A11 /* ServiceLocator.swift */ = {isa = PBXFileReference; fileEncoding = 4; lastKnownFileType = sourcecode.swift; path = ServiceLocator.swift; sourceTree = "<group>"; };
		636A4A4A1D712B2100CC8A11 /* APIImplementation.swift */ = {isa = PBXFileReference; fileEncoding = 4; lastKnownFileType = sourcecode.swift; path = APIImplementation.swift; sourceTree = "<group>"; };
		63E4DCB41D7127E20023E9AC /* APIWrapper.swift */ = {isa = PBXFileReference; fileEncoding = 4; lastKnownFileType = sourcecode.swift; path = APIWrapper.swift; sourceTree = "<group>"; };
		67BD69A640574C47C2F12E87 /* Pods_ReactiveToyTests.framework */ = {isa = PBXFileReference; explicitFileType = wrapper.framework; includeInIndex = 0; path = Pods_ReactiveToyTests.framework; sourceTree = BUILT_PRODUCTS_DIR; };
		802236865FEE22773224D06C /* Pods-ReactiveToyTests.release.xcconfig */ = {isa = PBXFileReference; includeInIndex = 1; lastKnownFileType = text.xcconfig; name = "Pods-ReactiveToyTests.release.xcconfig"; path = "Pods/Target Support Files/Pods-ReactiveToyTests/Pods-ReactiveToyTests.release.xcconfig"; sourceTree = "<group>"; };
		9DE9EEF1F17B6204F259791F /* Pods_ReactiveToy.framework */ = {isa = PBXFileReference; explicitFileType = wrapper.framework; includeInIndex = 0; path = Pods_ReactiveToy.framework; sourceTree = BUILT_PRODUCTS_DIR; };
		B34D09131D713616004F0611 /* CarManager.swift */ = {isa = PBXFileReference; fileEncoding = 4; lastKnownFileType = sourcecode.swift; path = CarManager.swift; sourceTree = "<group>"; };
		B39DE1941D692CE000B18F48 /* ReactiveToy.app */ = {isa = PBXFileReference; explicitFileType = wrapper.application; includeInIndex = 0; path = ReactiveToy.app; sourceTree = BUILT_PRODUCTS_DIR; };
		B39DE1971D692CE000B18F48 /* AppDelegate.swift */ = {isa = PBXFileReference; lastKnownFileType = sourcecode.swift; path = AppDelegate.swift; sourceTree = "<group>"; };
		B39DE1991D692CE000B18F48 /* ViewController.swift */ = {isa = PBXFileReference; lastKnownFileType = sourcecode.swift; path = ViewController.swift; sourceTree = "<group>"; };
		B39DE19C1D692CE000B18F48 /* Base */ = {isa = PBXFileReference; lastKnownFileType = file.storyboard; name = Base; path = Base.lproj/Main.storyboard; sourceTree = "<group>"; };
		B39DE19E1D692CE000B18F48 /* Assets.xcassets */ = {isa = PBXFileReference; lastKnownFileType = folder.assetcatalog; path = Assets.xcassets; sourceTree = "<group>"; };
		B39DE1A11D692CE000B18F48 /* Base */ = {isa = PBXFileReference; lastKnownFileType = file.storyboard; name = Base; path = Base.lproj/LaunchScreen.storyboard; sourceTree = "<group>"; };
		B39DE1A31D692CE000B18F48 /* Info.plist */ = {isa = PBXFileReference; lastKnownFileType = text.plist.xml; path = Info.plist; sourceTree = "<group>"; };
		B39DE1A81D692CE100B18F48 /* ReactiveToyTests.xctest */ = {isa = PBXFileReference; explicitFileType = wrapper.cfbundle; includeInIndex = 0; path = ReactiveToyTests.xctest; sourceTree = BUILT_PRODUCTS_DIR; };
		B39DE1AC1D692CE100B18F48 /* ReactiveToyTests.swift */ = {isa = PBXFileReference; lastKnownFileType = sourcecode.swift; path = ReactiveToyTests.swift; sourceTree = "<group>"; };
		B39DE1AE1D692CE100B18F48 /* Info.plist */ = {isa = PBXFileReference; lastKnownFileType = text.plist.xml; path = Info.plist; sourceTree = "<group>"; };
		B39DE1B71D692CE100B18F48 /* ReactiveToyUITests.swift */ = {isa = PBXFileReference; lastKnownFileType = sourcecode.swift; path = ReactiveToyUITests.swift; sourceTree = "<group>"; };
		B39DE1B91D692CE100B18F48 /* Info.plist */ = {isa = PBXFileReference; lastKnownFileType = text.plist.xml; path = Info.plist; sourceTree = "<group>"; };
		B39DE1C51D69300500B18F48 /* GoogleService-Info.plist */ = {isa = PBXFileReference; fileEncoding = 4; lastKnownFileType = text.plist.xml; path = "GoogleService-Info.plist"; sourceTree = "<group>"; };
/* End PBXFileReference section */

/* Begin PBXFrameworksBuildPhase section */
		B39DE1911D692CE000B18F48 /* Frameworks */ = {
			isa = PBXFrameworksBuildPhase;
			buildActionMask = 2147483647;
			files = (
				42A3EBC17B6857C37B624E28 /* Pods_ReactiveToy.framework in Frameworks */,
			);
			runOnlyForDeploymentPostprocessing = 0;
		};
		B39DE1A51D692CE100B18F48 /* Frameworks */ = {
			isa = PBXFrameworksBuildPhase;
			buildActionMask = 2147483647;
			files = (
				EDE5E752E637F3613C697CE9 /* Pods_ReactiveToyTests.framework in Frameworks */,
			);
			runOnlyForDeploymentPostprocessing = 0;
		};
/* End PBXFrameworksBuildPhase section */

/* Begin PBXGroup section */
		210314DA4E931590A1C248C4 /* Pods */ = {
			isa = PBXGroup;
			children = (
				1EB66DDB3F101C6A6D2ED3C5 /* Pods-ReactiveToy.debug.xcconfig */,
				5791AA88A1287CEF05E99C9A /* Pods-ReactiveToy.release.xcconfig */,
				556DDC22D28F76D4E32A553A /* Pods-ReactiveToyTests.debug.xcconfig */,
				802236865FEE22773224D06C /* Pods-ReactiveToyTests.release.xcconfig */,
				0922BEEC8F6B6E87F679E586 /* Pods-ReactiveToyUITests.debug.xcconfig */,
				240EBF7A01E4E629E08486EF /* Pods-ReactiveToyUITests.release.xcconfig */,
			);
			name = Pods;
			sourceTree = "<group>";
		};
		636A4A401D7128F800CC8A11 /* Models */ = {
			isa = PBXGroup;
			children = (
				636A4A411D71290300CC8A11 /* Car.swift */,
				636A4A431D71298900CC8A11 /* Dealership.swift */,
				636A4A451D71299300CC8A11 /* Trim.swift */,
			);
			name = Models;
			sourceTree = "<group>";
		};
		636A4A471D712A6800CC8A11 /* Services */ = {
			isa = PBXGroup;
			children = (
				636A4A481D712A7D00CC8A11 /* ServiceLocator.swift */,
				63E4DCB41D7127E20023E9AC /* APIWrapper.swift */,
				636A4A4A1D712B2100CC8A11 /* APIImplementation.swift */,
			);
			name = Services;
			sourceTree = "<group>";
		};
		B34D09121D7135E4004F0611 /* Manager */ = {
			isa = PBXGroup;
			children = (
				B34D09131D713616004F0611 /* CarManager.swift */,
			);
			name = Manager;
			sourceTree = "<group>";
		};
		B39DE18B1D692CE000B18F48 = {
			isa = PBXGroup;
			children = (
				B39DE1961D692CE000B18F48 /* ReactiveToy */,
				B39DE1AB1D692CE100B18F48 /* ReactiveToyTests */,
				B39DE1B61D692CE100B18F48 /* ReactiveToyUITests */,
				B39DE1951D692CE000B18F48 /* Products */,
				210314DA4E931590A1C248C4 /* Pods */,
				D30208C3BBA3CB8B36462356 /* Frameworks */,
			);
			sourceTree = "<group>";
		};
		B39DE1951D692CE000B18F48 /* Products */ = {
			isa = PBXGroup;
			children = (
				B39DE1941D692CE000B18F48 /* ReactiveToy.app */,
				B39DE1A81D692CE100B18F48 /* ReactiveToyTests.xctest */,
			);
			name = Products;
			sourceTree = "<group>";
		};
		B39DE1961D692CE000B18F48 /* ReactiveToy */ = {
			isa = PBXGroup;
			children = (
				B34D09121D7135E4004F0611 /* Manager */,
				636A4A471D712A6800CC8A11 /* Services */,
				636A4A401D7128F800CC8A11 /* Models */,
				B39DE1C51D69300500B18F48 /* GoogleService-Info.plist */,
				B39DE1971D692CE000B18F48 /* AppDelegate.swift */,
				B39DE1991D692CE000B18F48 /* ViewController.swift */,
				B39DE19B1D692CE000B18F48 /* Main.storyboard */,
				B39DE19E1D692CE000B18F48 /* Assets.xcassets */,
				B39DE1A01D692CE000B18F48 /* LaunchScreen.storyboard */,
				B39DE1A31D692CE000B18F48 /* Info.plist */,
			);
			path = ReactiveToy;
			sourceTree = "<group>";
		};
		B39DE1AB1D692CE100B18F48 /* ReactiveToyTests */ = {
			isa = PBXGroup;
			children = (
				B39DE1AC1D692CE100B18F48 /* ReactiveToyTests.swift */,
				B39DE1AE1D692CE100B18F48 /* Info.plist */,
			);
			path = ReactiveToyTests;
			sourceTree = "<group>";
		};
		B39DE1B61D692CE100B18F48 /* ReactiveToyUITests */ = {
			isa = PBXGroup;
			children = (
				B39DE1B71D692CE100B18F48 /* ReactiveToyUITests.swift */,
				B39DE1B91D692CE100B18F48 /* Info.plist */,
			);
			path = ReactiveToyUITests;
			sourceTree = "<group>";
		};
		D30208C3BBA3CB8B36462356 /* Frameworks */ = {
			isa = PBXGroup;
			children = (
				9DE9EEF1F17B6204F259791F /* Pods_ReactiveToy.framework */,
				67BD69A640574C47C2F12E87 /* Pods_ReactiveToyTests.framework */,
				1AC0945DEE2F11F74F228D87 /* Pods_ReactiveToyUITests.framework */,
			);
			name = Frameworks;
			sourceTree = "<group>";
		};
/* End PBXGroup section */

/* Begin PBXNativeTarget section */
		B39DE1931D692CE000B18F48 /* ReactiveToy */ = {
			isa = PBXNativeTarget;
			buildConfigurationList = B39DE1BC1D692CE100B18F48 /* Build configuration list for PBXNativeTarget "ReactiveToy" */;
			buildPhases = (
				5A6E585066F4E1D0BA7C0F9C /* 📦 Check Pods Manifest.lock */,
				B39DE1901D692CE000B18F48 /* Sources */,
				B39DE1911D692CE000B18F48 /* Frameworks */,
				B39DE1921D692CE000B18F48 /* Resources */,
				F11BF968E98E5E8B14E357FE /* 📦 Embed Pods Frameworks */,
				82DD45479C148718E8EED7B6 /* 📦 Copy Pods Resources */,
				162DA92D42372F2239E84758 /* Embed Pods Frameworks */,
			);
			buildRules = (
			);
			dependencies = (
			);
			name = ReactiveToy;
			productName = ReactiveToy;
			productReference = B39DE1941D692CE000B18F48 /* ReactiveToy.app */;
			productType = "com.apple.product-type.application";
		};
		B39DE1A71D692CE100B18F48 /* ReactiveToyTests */ = {
			isa = PBXNativeTarget;
			buildConfigurationList = B39DE1BF1D692CE100B18F48 /* Build configuration list for PBXNativeTarget "ReactiveToyTests" */;
			buildPhases = (
				046A2B71017AA73DD1C42D84 /* 📦 Check Pods Manifest.lock */,
				B39DE1A41D692CE100B18F48 /* Sources */,
				B39DE1A51D692CE100B18F48 /* Frameworks */,
				B39DE1A61D692CE100B18F48 /* Resources */,
				75A27D2E48125F9DB4DC21AA /* 📦 Embed Pods Frameworks */,
				C3FB400FCBC2A304A69DA24B /* 📦 Copy Pods Resources */,
				8ADE8DDAFD1A6E371F4405D2 /* Embed Pods Frameworks */,
			);
			buildRules = (
			);
			dependencies = (
				B39DE1AA1D692CE100B18F48 /* PBXTargetDependency */,
			);
			name = ReactiveToyTests;
			productName = ReactiveToyTests;
			productReference = B39DE1A81D692CE100B18F48 /* ReactiveToyTests.xctest */;
			productType = "com.apple.product-type.bundle.unit-test";
		};
/* End PBXNativeTarget section */

/* Begin PBXProject section */
		B39DE18C1D692CE000B18F48 /* Project object */ = {
			isa = PBXProject;
			attributes = {
				LastSwiftUpdateCheck = 0730;
				LastUpgradeCheck = 0730;
				ORGANIZATIONNAME = AB;
				TargetAttributes = {
					B39DE1931D692CE000B18F48 = {
						CreatedOnToolsVersion = 7.3.1;
					};
					B39DE1A71D692CE100B18F48 = {
						CreatedOnToolsVersion = 7.3.1;
						TestTargetID = B39DE1931D692CE000B18F48;
					};
				};
			};
			buildConfigurationList = B39DE18F1D692CE000B18F48 /* Build configuration list for PBXProject "ReactiveToy" */;
			compatibilityVersion = "Xcode 3.2";
			developmentRegion = English;
			hasScannedForEncodings = 0;
			knownRegions = (
				en,
				Base,
			);
			mainGroup = B39DE18B1D692CE000B18F48;
			productRefGroup = B39DE1951D692CE000B18F48 /* Products */;
			projectDirPath = "";
			projectRoot = "";
			targets = (
				B39DE1931D692CE000B18F48 /* ReactiveToy */,
				B39DE1A71D692CE100B18F48 /* ReactiveToyTests */,
			);
		};
/* End PBXProject section */

/* Begin PBXResourcesBuildPhase section */
		B39DE1921D692CE000B18F48 /* Resources */ = {
			isa = PBXResourcesBuildPhase;
			buildActionMask = 2147483647;
			files = (
				B39DE1A21D692CE000B18F48 /* LaunchScreen.storyboard in Resources */,
				B39DE1C61D69300500B18F48 /* GoogleService-Info.plist in Resources */,
				B39DE19F1D692CE000B18F48 /* Assets.xcassets in Resources */,
				B39DE19D1D692CE000B18F48 /* Main.storyboard in Resources */,
			);
			runOnlyForDeploymentPostprocessing = 0;
		};
		B39DE1A61D692CE100B18F48 /* Resources */ = {
			isa = PBXResourcesBuildPhase;
			buildActionMask = 2147483647;
			files = (
				B39DE1C71D69300500B18F48 /* GoogleService-Info.plist in Resources */,
			);
			runOnlyForDeploymentPostprocessing = 0;
		};
/* End PBXResourcesBuildPhase section */

/* Begin PBXShellScriptBuildPhase section */
		046A2B71017AA73DD1C42D84 /* 📦 Check Pods Manifest.lock */ = {
			isa = PBXShellScriptBuildPhase;
			buildActionMask = 2147483647;
			files = (
			);
			inputPaths = (
			);
			name = "📦 Check Pods Manifest.lock";
			outputPaths = (
			);
			runOnlyForDeploymentPostprocessing = 0;
			shellPath = /bin/sh;
			shellScript = "diff \"${PODS_ROOT}/../Podfile.lock\" \"${PODS_ROOT}/Manifest.lock\" > /dev/null\nif [[ $? != 0 ]] ; then\n    cat << EOM\nerror: The sandbox is not in sync with the Podfile.lock. Run 'pod install' or update your CocoaPods installation.\nEOM\n    exit 1\nfi\n";
			showEnvVarsInLog = 0;
		};
		162DA92D42372F2239E84758 /* Embed Pods Frameworks */ = {
			isa = PBXShellScriptBuildPhase;
			buildActionMask = 2147483647;
			files = (
			);
			inputPaths = (
			);
			name = "Embed Pods Frameworks";
			outputPaths = (
			);
			runOnlyForDeploymentPostprocessing = 0;
			shellPath = /bin/sh;
			shellScript = "\"${SRCROOT}/Pods/Target Support Files/Pods-ReactiveToy/Pods-ReactiveToy-frameworks.sh\"\n";
			showEnvVarsInLog = 0;
		};
		5A6E585066F4E1D0BA7C0F9C /* 📦 Check Pods Manifest.lock */ = {
			isa = PBXShellScriptBuildPhase;
			buildActionMask = 2147483647;
			files = (
			);
			inputPaths = (
			);
			name = "📦 Check Pods Manifest.lock";
			outputPaths = (
			);
			runOnlyForDeploymentPostprocessing = 0;
			shellPath = /bin/sh;
			shellScript = "diff \"${PODS_ROOT}/../Podfile.lock\" \"${PODS_ROOT}/Manifest.lock\" > /dev/null\nif [[ $? != 0 ]] ; then\n    cat << EOM\nerror: The sandbox is not in sync with the Podfile.lock. Run 'pod install' or update your CocoaPods installation.\nEOM\n    exit 1\nfi\n";
			showEnvVarsInLog = 0;
		};
		75A27D2E48125F9DB4DC21AA /* 📦 Embed Pods Frameworks */ = {
			isa = PBXShellScriptBuildPhase;
			buildActionMask = 2147483647;
			files = (
			);
			inputPaths = (
			);
			name = "📦 Embed Pods Frameworks";
			outputPaths = (
			);
			runOnlyForDeploymentPostprocessing = 0;
			shellPath = /bin/sh;
			shellScript = "\"${SRCROOT}/Pods/Target Support Files/Pods-ReactiveToyTests/Pods-ReactiveToyTests-frameworks.sh\"\n";
			showEnvVarsInLog = 0;
		};
		82DD45479C148718E8EED7B6 /* 📦 Copy Pods Resources */ = {
			isa = PBXShellScriptBuildPhase;
			buildActionMask = 2147483647;
			files = (
			);
			inputPaths = (
			);
			name = "📦 Copy Pods Resources";
			outputPaths = (
			);
			runOnlyForDeploymentPostprocessing = 0;
			shellPath = /bin/sh;
			shellScript = "\"${SRCROOT}/Pods/Target Support Files/Pods-ReactiveToy/Pods-ReactiveToy-resources.sh\"\n";
			showEnvVarsInLog = 0;
		};
		8ADE8DDAFD1A6E371F4405D2 /* Embed Pods Frameworks */ = {
			isa = PBXShellScriptBuildPhase;
			buildActionMask = 2147483647;
			files = (
			);
			inputPaths = (
			);
			name = "Embed Pods Frameworks";
			outputPaths = (
			);
			runOnlyForDeploymentPostprocessing = 0;
			shellPath = /bin/sh;
			shellScript = "\"${SRCROOT}/Pods/Target Support Files/Pods-ReactiveToyTests/Pods-ReactiveToyTests-frameworks.sh\"\n";
			showEnvVarsInLog = 0;
		};
		C3FB400FCBC2A304A69DA24B /* 📦 Copy Pods Resources */ = {
			isa = PBXShellScriptBuildPhase;
			buildActionMask = 2147483647;
			files = (
			);
			inputPaths = (
			);
			name = "📦 Copy Pods Resources";
			outputPaths = (
			);
			runOnlyForDeploymentPostprocessing = 0;
			shellPath = /bin/sh;
			shellScript = "\"${SRCROOT}/Pods/Target Support Files/Pods-ReactiveToyTests/Pods-ReactiveToyTests-resources.sh\"\n";
			showEnvVarsInLog = 0;
		};
		F11BF968E98E5E8B14E357FE /* 📦 Embed Pods Frameworks */ = {
			isa = PBXShellScriptBuildPhase;
			buildActionMask = 2147483647;
			files = (
			);
			inputPaths = (
			);
			name = "📦 Embed Pods Frameworks";
			outputPaths = (
			);
			runOnlyForDeploymentPostprocessing = 0;
			shellPath = /bin/sh;
			shellScript = "\"${SRCROOT}/Pods/Target Support Files/Pods-ReactiveToy/Pods-ReactiveToy-frameworks.sh\"\n";
			showEnvVarsInLog = 0;
		};
/* End PBXShellScriptBuildPhase section */

/* Begin PBXSourcesBuildPhase section */
		B39DE1901D692CE000B18F48 /* Sources */ = {
			isa = PBXSourcesBuildPhase;
			buildActionMask = 2147483647;
			files = (
				B39DE19A1D692CE000B18F48 /* ViewController.swift in Sources */,
				63E4DCB51D7127E20023E9AC /* APIWrapper.swift in Sources */,
				636A4A4B1D712B2100CC8A11 /* APIImplementation.swift in Sources */,
				636A4A421D71290300CC8A11 /* Car.swift in Sources */,
				B34D09141D713616004F0611 /* CarManager.swift in Sources */,
				636A4A461D71299300CC8A11 /* Trim.swift in Sources */,
				636A4A441D71298900CC8A11 /* Dealership.swift in Sources */,
				B39DE1981D692CE000B18F48 /* AppDelegate.swift in Sources */,
				636A4A491D712A7D00CC8A11 /* ServiceLocator.swift in Sources */,
			);
			runOnlyForDeploymentPostprocessing = 0;
		};
		B39DE1A41D692CE100B18F48 /* Sources */ = {
			isa = PBXSourcesBuildPhase;
			buildActionMask = 2147483647;
			files = (
				B34D09151D713616004F0611 /* CarManager.swift in Sources */,
				B39DE1AD1D692CE100B18F48 /* ReactiveToyTests.swift in Sources */,
			);
			runOnlyForDeploymentPostprocessing = 0;
		};
/* End PBXSourcesBuildPhase section */

/* Begin PBXTargetDependency section */
		B39DE1AA1D692CE100B18F48 /* PBXTargetDependency */ = {
			isa = PBXTargetDependency;
			target = B39DE1931D692CE000B18F48 /* ReactiveToy */;
			targetProxy = B39DE1A91D692CE100B18F48 /* PBXContainerItemProxy */;
		};
/* End PBXTargetDependency section */

/* Begin PBXVariantGroup section */
		B39DE19B1D692CE000B18F48 /* Main.storyboard */ = {
			isa = PBXVariantGroup;
			children = (
				B39DE19C1D692CE000B18F48 /* Base */,
			);
			name = Main.storyboard;
			sourceTree = "<group>";
		};
		B39DE1A01D692CE000B18F48 /* LaunchScreen.storyboard */ = {
			isa = PBXVariantGroup;
			children = (
				B39DE1A11D692CE000B18F48 /* Base */,
			);
			name = LaunchScreen.storyboard;
			sourceTree = "<group>";
		};
/* End PBXVariantGroup section */

/* Begin XCBuildConfiguration section */
		B39DE1BA1D692CE100B18F48 /* Debug */ = {
			isa = XCBuildConfiguration;
			buildSettings = {
				ALWAYS_SEARCH_USER_PATHS = NO;
				CLANG_ANALYZER_NONNULL = YES;
				CLANG_CXX_LANGUAGE_STANDARD = "gnu++0x";
				CLANG_CXX_LIBRARY = "libc++";
				CLANG_ENABLE_MODULES = YES;
				CLANG_ENABLE_OBJC_ARC = YES;
				CLANG_WARN_BOOL_CONVERSION = YES;
				CLANG_WARN_CONSTANT_CONVERSION = YES;
				CLANG_WARN_DIRECT_OBJC_ISA_USAGE = YES_ERROR;
				CLANG_WARN_EMPTY_BODY = YES;
				CLANG_WARN_ENUM_CONVERSION = YES;
				CLANG_WARN_INT_CONVERSION = YES;
				CLANG_WARN_OBJC_ROOT_CLASS = YES_ERROR;
				CLANG_WARN_UNREACHABLE_CODE = YES;
				CLANG_WARN__DUPLICATE_METHOD_MATCH = YES;
				"CODE_SIGN_IDENTITY[sdk=iphoneos*]" = "iPhone Developer";
				COPY_PHASE_STRIP = NO;
				DEBUG_INFORMATION_FORMAT = dwarf;
				ENABLE_STRICT_OBJC_MSGSEND = YES;
				ENABLE_TESTABILITY = YES;
				GCC_C_LANGUAGE_STANDARD = gnu99;
				GCC_DYNAMIC_NO_PIC = NO;
				GCC_NO_COMMON_BLOCKS = YES;
				GCC_OPTIMIZATION_LEVEL = 0;
				GCC_PREPROCESSOR_DEFINITIONS = (
					"DEBUG=1",
					"$(inherited)",
				);
				GCC_WARN_64_TO_32_BIT_CONVERSION = YES;
				GCC_WARN_ABOUT_RETURN_TYPE = YES_ERROR;
				GCC_WARN_UNDECLARED_SELECTOR = YES;
				GCC_WARN_UNINITIALIZED_AUTOS = YES_AGGRESSIVE;
				GCC_WARN_UNUSED_FUNCTION = YES;
				GCC_WARN_UNUSED_VARIABLE = YES;
				IPHONEOS_DEPLOYMENT_TARGET = 9.3;
				MTL_ENABLE_DEBUG_INFO = YES;
				ONLY_ACTIVE_ARCH = YES;
				SDKROOT = iphoneos;
				SWIFT_OPTIMIZATION_LEVEL = "-Onone";
				TARGETED_DEVICE_FAMILY = "1,2";
			};
			name = Debug;
		};
		B39DE1BB1D692CE100B18F48 /* Release */ = {
			isa = XCBuildConfiguration;
			buildSettings = {
				ALWAYS_SEARCH_USER_PATHS = NO;
				CLANG_ANALYZER_NONNULL = YES;
				CLANG_CXX_LANGUAGE_STANDARD = "gnu++0x";
				CLANG_CXX_LIBRARY = "libc++";
				CLANG_ENABLE_MODULES = YES;
				CLANG_ENABLE_OBJC_ARC = YES;
				CLANG_WARN_BOOL_CONVERSION = YES;
				CLANG_WARN_CONSTANT_CONVERSION = YES;
				CLANG_WARN_DIRECT_OBJC_ISA_USAGE = YES_ERROR;
				CLANG_WARN_EMPTY_BODY = YES;
				CLANG_WARN_ENUM_CONVERSION = YES;
				CLANG_WARN_INT_CONVERSION = YES;
				CLANG_WARN_OBJC_ROOT_CLASS = YES_ERROR;
				CLANG_WARN_UNREACHABLE_CODE = YES;
				CLANG_WARN__DUPLICATE_METHOD_MATCH = YES;
				"CODE_SIGN_IDENTITY[sdk=iphoneos*]" = "iPhone Developer";
				COPY_PHASE_STRIP = NO;
				DEBUG_INFORMATION_FORMAT = "dwarf-with-dsym";
				ENABLE_NS_ASSERTIONS = NO;
				ENABLE_STRICT_OBJC_MSGSEND = YES;
				GCC_C_LANGUAGE_STANDARD = gnu99;
				GCC_NO_COMMON_BLOCKS = YES;
				GCC_WARN_64_TO_32_BIT_CONVERSION = YES;
				GCC_WARN_ABOUT_RETURN_TYPE = YES_ERROR;
				GCC_WARN_UNDECLARED_SELECTOR = YES;
				GCC_WARN_UNINITIALIZED_AUTOS = YES_AGGRESSIVE;
				GCC_WARN_UNUSED_FUNCTION = YES;
				GCC_WARN_UNUSED_VARIABLE = YES;
				IPHONEOS_DEPLOYMENT_TARGET = 9.3;
				MTL_ENABLE_DEBUG_INFO = NO;
				SDKROOT = iphoneos;
				TARGETED_DEVICE_FAMILY = "1,2";
				VALIDATE_PRODUCT = YES;
			};
			name = Release;
		};
		B39DE1BD1D692CE100B18F48 /* Debug */ = {
			isa = XCBuildConfiguration;
			baseConfigurationReference = 1EB66DDB3F101C6A6D2ED3C5 /* Pods-ReactiveToy.debug.xcconfig */;
			buildSettings = {
				ASSETCATALOG_COMPILER_APPICON_NAME = AppIcon;
				INFOPLIST_FILE = ReactiveToy/Info.plist;
				IPHONEOS_DEPLOYMENT_TARGET = 9.3;
				LD_RUNPATH_SEARCH_PATHS = "$(inherited) @executable_path/Frameworks";
				PRODUCT_BUNDLE_IDENTIFIER = AB.ReactiveToy;
				PRODUCT_NAME = "$(TARGET_NAME)";
				SWIFT_VERSION = 2.3;
			};
			name = Debug;
		};
		B39DE1BE1D692CE100B18F48 /* Release */ = {
			isa = XCBuildConfiguration;
			baseConfigurationReference = 5791AA88A1287CEF05E99C9A /* Pods-ReactiveToy.release.xcconfig */;
			buildSettings = {
				ASSETCATALOG_COMPILER_APPICON_NAME = AppIcon;
				INFOPLIST_FILE = ReactiveToy/Info.plist;
				IPHONEOS_DEPLOYMENT_TARGET = 9.3;
				LD_RUNPATH_SEARCH_PATHS = "$(inherited) @executable_path/Frameworks";
				PRODUCT_BUNDLE_IDENTIFIER = AB.ReactiveToy;
				PRODUCT_NAME = "$(TARGET_NAME)";
				SWIFT_VERSION = 2.3;
			};
			name = Release;
		};
		B39DE1C01D692CE100B18F48 /* Debug */ = {
			isa = XCBuildConfiguration;
			baseConfigurationReference = 556DDC22D28F76D4E32A553A /* Pods-ReactiveToyTests.debug.xcconfig */;
			buildSettings = {
				BUNDLE_LOADER = "$(TEST_HOST)";
				INFOPLIST_FILE = ReactiveToyTests/Info.plist;
				LD_RUNPATH_SEARCH_PATHS = "$(inherited) @executable_path/Frameworks @loader_path/Frameworks";
				PRODUCT_BUNDLE_IDENTIFIER = AB.ReactiveToyTests;
				PRODUCT_NAME = "$(TARGET_NAME)";
				TEST_HOST = "$(BUILT_PRODUCTS_DIR)/ReactiveToy.app/ReactiveToy";
			};
			name = Debug;
		};
		B39DE1C11D692CE100B18F48 /* Release */ = {
			isa = XCBuildConfiguration;
			baseConfigurationReference = 802236865FEE22773224D06C /* Pods-ReactiveToyTests.release.xcconfig */;
			buildSettings = {
				BUNDLE_LOADER = "$(TEST_HOST)";
				INFOPLIST_FILE = ReactiveToyTests/Info.plist;
				LD_RUNPATH_SEARCH_PATHS = "$(inherited) @executable_path/Frameworks @loader_path/Frameworks";
				PRODUCT_BUNDLE_IDENTIFIER = AB.ReactiveToyTests;
				PRODUCT_NAME = "$(TARGET_NAME)";
				TEST_HOST = "$(BUILT_PRODUCTS_DIR)/ReactiveToy.app/ReactiveToy";
			};
			name = Release;
		};
/* End XCBuildConfiguration section */

/* Begin XCConfigurationList section */
		B39DE18F1D692CE000B18F48 /* Build configuration list for PBXProject "ReactiveToy" */ = {
			isa = XCConfigurationList;
			buildConfigurations = (
				B39DE1BA1D692CE100B18F48 /* Debug */,
				B39DE1BB1D692CE100B18F48 /* Release */,
			);
			defaultConfigurationIsVisible = 0;
			defaultConfigurationName = Release;
		};
		B39DE1BC1D692CE100B18F48 /* Build configuration list for PBXNativeTarget "ReactiveToy" */ = {
			isa = XCConfigurationList;
			buildConfigurations = (
				B39DE1BD1D692CE100B18F48 /* Debug */,
				B39DE1BE1D692CE100B18F48 /* Release */,
			);
			defaultConfigurationIsVisible = 0;
			defaultConfigurationName = Release;
		};
		B39DE1BF1D692CE100B18F48 /* Build configuration list for PBXNativeTarget "ReactiveToyTests" */ = {
			isa = XCConfigurationList;
			buildConfigurations = (
				B39DE1C01D692CE100B18F48 /* Debug */,
				B39DE1C11D692CE100B18F48 /* Release */,
			);
			defaultConfigurationIsVisible = 0;
			defaultConfigurationName = Release;
		};
/* End XCConfigurationList section */
	};
	rootObject = B39DE18C1D692CE000B18F48 /* Project object */;
}
